
Microsoft Visual Studio Solution File, Format Version 12.00
# Visual Studio 14
VisualStudioVersion = 14.0.25420.1
MinimumVisualStudioVersion = 10.0.40219.1
Project("{FAE04EC0-301F-11D3-BF4B-00C04F79EFBC}") = "FitnessFrog", "FitnessFrog\FitnessFrog.csproj", "{9487F58F-C005-4E5C-915B-3560653D9665}"
EndProject
Project("{FAE04EC0-301F-11D3-BF4B-00C04F79EFBC}") = "TreehouseDefense", "TreehouseDefense\TreehouseDefense.csproj", "{9EA13E36-95B3-4BF7-9B0B-A873FEC27F42}"
EndProject
Global
	GlobalSection(SolutionConfigurationPlatforms) = preSolution
		Debug|Any CPU = Debug|Any CPU
		Release|Any CPU = Release|Any CPU
	EndGlobalSection
	GlobalSection(ProjectConfigurationPlatforms) = postSolution
		{9487F58F-C005-4E5C-915B-3560653D9665}.Debug|Any CPU.ActiveCfg = Debug|Any CPU
		{9487F58F-C005-4E5C-915B-3560653D9665}.Debug|Any CPU.Build.0 = Debug|Any CPU
		{9487F58F-C005-4E5C-915B-3560653D9665}.Release|Any CPU.ActiveCfg = Release|Any CPU
		{9487F58F-C005-4E5C-915B-3560653D9665}.Release|Any CPU.Build.0 = Release|Any CPU
		{9EA13E36-95B3-4BF7-9B0B-A873FEC27F42}.Debug|Any CPU.ActiveCfg = Debug|Any CPU
		{9EA13E36-95B3-4BF7-9B0B-A873FEC27F42}.Debug|Any CPU.Build.0 = Debug|Any CPU
		{9EA13E36-95B3-4BF7-9B0B-A873FEC27F42}.Release|Any CPU.ActiveCfg = Release|Any CPU
		{9EA13E36-95B3-4BF7-9B0B-A873FEC27F42}.Release|Any CPU.Build.0 = Release|Any CPU
	EndGlobalSection
	GlobalSection(SolutionProperties) = preSolution
		HideSolutionNode = FALSE
	EndGlobalSection
EndGlobal
